
Microsoft Visual Studio Solution File, Format Version 12.00
# Visual Studio 15
VisualStudioVersion = 15.0.28307.489
MinimumVisualStudioVersion = 10.0.40219.1
Project("{FAE04EC0-301F-11D3-BF4B-00C04F79EFBC}") = "UI", "UI\UI.csproj", "{02D0BF6B-606E-4EC0-B1A1-A2B89DF548A2}"
EndProject
Project("{FAE04EC0-301F-11D3-BF4B-00C04F79EFBC}") = "RepveUOW.Data.Model", "RepveUOW.Data.Model\RepveUOW.Data.Model.csproj", "{F953D44E-6815-42F8-B228-9A36F49A07EA}"
EndProject
Project("{FAE04EC0-301F-11D3-BF4B-00C04F79EFBC}") = "RepveUOW.Data", "RepveUOW.Data\RepveUOW.Data.csproj", "{EB8183CB-0440-46E5-AD90-7C0F12533622}"
EndProject
Global
	GlobalSection(SolutionConfigurationPlatforms) = preSolution
		Debug|Any CPU = Debug|Any CPU
		Release|Any CPU = Release|Any CPU
	EndGlobalSection
	GlobalSection(ProjectConfigurationPlatforms) = postSolution
		{02D0BF6B-606E-4EC0-B1A1-A2B89DF548A2}.Debug|Any CPU.ActiveCfg = Debug|Any CPU
		{02D0BF6B-606E-4EC0-B1A1-A2B89DF548A2}.Debug|Any CPU.Build.0 = Debug|Any CPU
		{02D0BF6B-606E-4EC0-B1A1-A2B89DF548A2}.Release|Any CPU.ActiveCfg = Release|Any CPU
		{02D0BF6B-606E-4EC0-B1A1-A2B89DF548A2}.Release|Any CPU.Build.0 = Release|Any CPU
		{F953D44E-6815-42F8-B228-9A36F49A07EA}.Debug|Any CPU.ActiveCfg = Debug|Any CPU
		{F953D44E-6815-42F8-B228-9A36F49A07EA}.Debug|Any CPU.Build.0 = Debug|Any CPU
		{F953D44E-6815-42F8-B228-9A36F49A07EA}.Release|Any CPU.ActiveCfg = Release|Any CPU
		{F953D44E-6815-42F8-B228-9A36F49A07EA}.Release|Any CPU.Build.0 = Release|Any CPU
		{EB8183CB-0440-46E5-AD90-7C0F12533622}.Debug|Any CPU.ActiveCfg = Debug|Any CPU
		{EB8183CB-0440-46E5-AD90-7C0F12533622}.Debug|Any CPU.Build.0 = Debug|Any CPU
		{EB8183CB-0440-46E5-AD90-7C0F12533622}.Release|Any CPU.ActiveCfg = Release|Any CPU
		{EB8183CB-0440-46E5-AD90-7C0F12533622}.Release|Any CPU.Build.0 = Release|Any CPU
	EndGlobalSection
	GlobalSection(SolutionProperties) = preSolution
		HideSolutionNode = FALSE
	EndGlobalSection
	GlobalSection(ExtensibilityGlobals) = postSolution
		SolutionGuid = {EB21DDBA-E90C-450A-8AF6-23C8F83FD90B}
	EndGlobalSection
EndGlobal
